
Microsoft Visual Studio Solution File, Format Version 12.00
# Visual Studio Version 16
VisualStudioVersion = 16.0.31605.320
MinimumVisualStudioVersion = 10.0.40219.1
Project("{F184B08F-C81C-45F6-A57F-5ABD9991F28F}") = "projeto3_aula3", "projeto3_aula3\projeto3_aula3.vbproj", "{BE54A34D-7E3B-4E12-894A-7E671DEF386F}"
EndProject
Global
	GlobalSection(SolutionConfigurationPlatforms) = preSolution
		Debug|Any CPU = Debug|Any CPU
		Release|Any CPU = Release|Any CPU
	EndGlobalSection
	GlobalSection(ProjectConfigurationPlatforms) = postSolution
		{BE54A34D-7E3B-4E12-894A-7E671DEF386F}.Debug|Any CPU.ActiveCfg = Debug|Any CPU
		{BE54A34D-7E3B-4E12-894A-7E671DEF386F}.Debug|Any CPU.Build.0 = Debug|Any CPU
		{BE54A34D-7E3B-4E12-894A-7E671DEF386F}.Release|Any CPU.ActiveCfg = Release|Any CPU
		{BE54A34D-7E3B-4E12-894A-7E671DEF386F}.Release|Any CPU.Build.0 = Release|Any CPU
	EndGlobalSection
	GlobalSection(SolutionProperties) = preSolution
		HideSolutionNode = FALSE
	EndGlobalSection
	GlobalSection(ExtensibilityGlobals) = postSolution
		SolutionGuid = {F05A2039-656B-4242-AD59-79BEA85A6C2F}
	EndGlobalSection
EndGlobal
